
Microsoft Visual Studio Solution File, Format Version 12.00
# Visual Studio Version 17
VisualStudioVersion = 17.9.34728.123
MinimumVisualStudioVersion = 10.0.40219.1
Project("{9A19103F-16F7-4668-BE54-9A1E7A4F7556}") = "kulki3", "kulki3.csproj", "{A9E11116-AD25-4739-87CE-7DDBF24ED40D}"
EndProject
Project("{FAE04EC0-301F-11D3-BF4B-00C04F79EFBC}") = "UnitTests", "..\UnitTests\UnitTests.csproj", "{E04592BD-C485-4660-B63B-8229C41ABEC8}"
EndProject
Global
	GlobalSection(SolutionConfigurationPlatforms) = preSolution
		Debug|Any CPU = Debug|Any CPU
		Release|Any CPU = Release|Any CPU
	EndGlobalSection
	GlobalSection(ProjectConfigurationPlatforms) = postSolution
		{A9E11116-AD25-4739-87CE-7DDBF24ED40D}.Debug|Any CPU.ActiveCfg = Debug|Any CPU
		{A9E11116-AD25-4739-87CE-7DDBF24ED40D}.Debug|Any CPU.Build.0 = Debug|Any CPU
		{A9E11116-AD25-4739-87CE-7DDBF24ED40D}.Release|Any CPU.ActiveCfg = Release|Any CPU
		{A9E11116-AD25-4739-87CE-7DDBF24ED40D}.Release|Any CPU.Build.0 = Release|Any CPU
		{E04592BD-C485-4660-B63B-8229C41ABEC8}.Debug|Any CPU.ActiveCfg = Debug|Any CPU
		{E04592BD-C485-4660-B63B-8229C41ABEC8}.Debug|Any CPU.Build.0 = Debug|Any CPU
		{E04592BD-C485-4660-B63B-8229C41ABEC8}.Release|Any CPU.ActiveCfg = Release|Any CPU
		{E04592BD-C485-4660-B63B-8229C41ABEC8}.Release|Any CPU.Build.0 = Release|Any CPU
	EndGlobalSection
	GlobalSection(SolutionProperties) = preSolution
		HideSolutionNode = FALSE
	EndGlobalSection
	GlobalSection(ExtensibilityGlobals) = postSolution
		SolutionGuid = {CFFD8509-ADD2-43B2-BF2C-13A853FCFC2C}
	EndGlobalSection
EndGlobal
